Microsoft Visual Studio Solution File, Format Version 12.00
# Visual Studio 15
VisualStudioVersion = 15.0.28307.271
MinimumVisualStudioVersion = 10.0.40219.1
Project("{9A19103F-16F7-4668-BE54-9A1E7A4F7556}") = "Chip8.Core", "Chip8.Core\Chip8.Core.csproj", "{13F0FFE7-D3E4-4F12-84EF-4E66E35E9188}"
EndProject
Project("{2150E333-8FDC-42A3-9474-1A3956D46DE8}") = "Solution Items", "Solution Items", "{05D2CF24-E03F-4D32-906B-641573A16429}"
	ProjectSection(SolutionItems) = preProject
		CHIP-8 Keyboard Mapping.md = CHIP-8 Keyboard Mapping.md
		CHIP-8 OpCodes.md = CHIP-8 OpCodes.md
		CHIP-8 Specs.md = CHIP-8 Specs.md
		run-tests = run-tests
		..\nunit3-xslt\html-report.xslt = ..\nunit3-xslt\html-report.xslt
		..\nunit3-xslt\html-summary.xslt = ..\nunit3-xslt\html-summary.xslt
		..\nunit3-xslt\text-report.xslt = ..\nunit3-xslt\text-report.xslt
		..\nunit3-xslt\text-summary.xslt = ..\nunit3-xslt\text-summary.xslt
        ..\nunit3-xslt\text-profile.xslt = ..\nunit3-xslt\text-profile.xslt
	EndProjectSection
EndProject
Project("{FAE04EC0-301F-11D3-BF4B-00C04F79EFBC}") = "Chip8.Tests", "Chip8.Tests\Chip8.Tests.csproj", "{ACF18D83-5BD5-4AA9-B794-711E069719B5}"
EndProject
Project("{9A19103F-16F7-4668-BE54-9A1E7A4F7556}") = "SDL2-CS.Core", "..\SDL2-CS\SDL2-CS.Core.csproj", "{CB188B88-CBFF-4D27-B5B2-335D7029C322}"
EndProject
Project("{FAE04EC0-301F-11D3-BF4B-00C04F79EFBC}") = "Chip8.WindowsForms", "Chip8.WindowsForms\Chip8.WindowsForms.csproj", "{AB9198E1-E2E9-4B1F-9FC3-8B7F32C986F6}"
EndProject
Project("{FAE04EC0-301F-11D3-BF4B-00C04F79EFBC}") = "Chip8.WPF", "Chip8.WPF\Chip8.WPF.csproj", "{415A9C97-30EA-49D5-AA8E-B50D472D18CD}"
EndProject
Project("{FAE04EC0-301F-11D3-BF4B-00C04F79EFBC}") = "Chip8.SDL", "Chip8.SDL\Chip8.SDL.csproj", "{A4862065-B576-49B3-89DC-A501AA17B905}"
EndProject
Global
	GlobalSection(Performance) = preSolution
		HasPerformanceSessions = true
	EndGlobalSection
	GlobalSection(SolutionConfigurationPlatforms) = preSolution
		Debug|Any CPU = Debug|Any CPU
		Debug|x64 = Debug|x64
		Debug|x86 = Debug|x86
		Release|Any CPU = Release|Any CPU
		Release|x64 = Release|x64
		Release|x86 = Release|x86
	EndGlobalSection
	GlobalSection(ProjectConfigurationPlatforms) = postSolution
		{13F0FFE7-D3E4-4F12-84EF-4E66E35E9188}.Debug|Any CPU.ActiveCfg = Debug|Any CPU
		{13F0FFE7-D3E4-4F12-84EF-4E66E35E9188}.Debug|Any CPU.Build.0 = Debug|Any CPU
		{13F0FFE7-D3E4-4F12-84EF-4E66E35E9188}.Debug|x64.ActiveCfg = Debug|Any CPU
		{13F0FFE7-D3E4-4F12-84EF-4E66E35E9188}.Debug|x64.Build.0 = Debug|Any CPU
		{13F0FFE7-D3E4-4F12-84EF-4E66E35E9188}.Debug|x86.ActiveCfg = Debug|Any CPU
		{13F0FFE7-D3E4-4F12-84EF-4E66E35E9188}.Debug|x86.Build.0 = Debug|Any CPU
		{13F0FFE7-D3E4-4F12-84EF-4E66E35E9188}.Release|Any CPU.ActiveCfg = Debug|Any CPU
		{13F0FFE7-D3E4-4F12-84EF-4E66E35E9188}.Release|Any CPU.Build.0 = Debug|Any CPU
		{13F0FFE7-D3E4-4F12-84EF-4E66E35E9188}.Release|x64.ActiveCfg = Debug|Any CPU
		{13F0FFE7-D3E4-4F12-84EF-4E66E35E9188}.Release|x64.Build.0 = Debug|Any CPU
		{13F0FFE7-D3E4-4F12-84EF-4E66E35E9188}.Release|x86.ActiveCfg = Debug|Any CPU
		{13F0FFE7-D3E4-4F12-84EF-4E66E35E9188}.Release|x86.Build.0 = Debug|Any CPU
		{ACF18D83-5BD5-4AA9-B794-711E069719B5}.Debug|Any CPU.ActiveCfg = Debug|Any CPU
		{ACF18D83-5BD5-4AA9-B794-711E069719B5}.Debug|Any CPU.Build.0 = Debug|Any CPU
		{ACF18D83-5BD5-4AA9-B794-711E069719B5}.Debug|x64.ActiveCfg = Debug|Any CPU
		{ACF18D83-5BD5-4AA9-B794-711E069719B5}.Debug|x64.Build.0 = Debug|Any CPU
		{ACF18D83-5BD5-4AA9-B794-711E069719B5}.Debug|x86.ActiveCfg = Debug|Any CPU
		{ACF18D83-5BD5-4AA9-B794-711E069719B5}.Debug|x86.Build.0 = Debug|Any CPU
		{ACF18D83-5BD5-4AA9-B794-711E069719B5}.Release|Any CPU.ActiveCfg = Debug|Any CPU
		{ACF18D83-5BD5-4AA9-B794-711E069719B5}.Release|Any CPU.Build.0 = Debug|Any CPU
		{ACF18D83-5BD5-4AA9-B794-711E069719B5}.Release|x64.ActiveCfg = Debug|Any CPU
		{ACF18D83-5BD5-4AA9-B794-711E069719B5}.Release|x64.Build.0 = Debug|Any CPU
		{ACF18D83-5BD5-4AA9-B794-711E069719B5}.Release|x86.ActiveCfg = Debug|Any CPU
		{ACF18D83-5BD5-4AA9-B794-711E069719B5}.Release|x86.Build.0 = Debug|Any CPU
		{CB188B88-CBFF-4D27-B5B2-335D7029C322}.Debug|Any CPU.ActiveCfg = Debug|x86
		{CB188B88-CBFF-4D27-B5B2-335D7029C322}.Debug|x64.ActiveCfg = Debug|x64
		{CB188B88-CBFF-4D27-B5B2-335D7029C322}.Debug|x64.Build.0 = Debug|x64
		{CB188B88-CBFF-4D27-B5B2-335D7029C322}.Debug|x86.ActiveCfg = Debug|x86
		{CB188B88-CBFF-4D27-B5B2-335D7029C322}.Debug|x86.Build.0 = Debug|x86
		{CB188B88-CBFF-4D27-B5B2-335D7029C322}.Release|Any CPU.ActiveCfg = Debug|x64
		{CB188B88-CBFF-4D27-B5B2-335D7029C322}.Release|x64.ActiveCfg = Debug|x64
		{CB188B88-CBFF-4D27-B5B2-335D7029C322}.Release|x64.Build.0 = Debug|x64
		{CB188B88-CBFF-4D27-B5B2-335D7029C322}.Release|x86.ActiveCfg = Debug|x64
		{CB188B88-CBFF-4D27-B5B2-335D7029C322}.Debug|Any CPU.Build.0 = Debug|x86
		{AB9198E1-E2E9-4B1F-9FC3-8B7F32C986F6}.Debug|Any CPU.ActiveCfg = Debug|Any CPU
		{AB9198E1-E2E9-4B1F-9FC3-8B7F32C986F6}.Debug|Any CPU.Build.0 = Debug|Any CPU
		{AB9198E1-E2E9-4B1F-9FC3-8B7F32C986F6}.Debug|x64.ActiveCfg = Debug|Any CPU
		{AB9198E1-E2E9-4B1F-9FC3-8B7F32C986F6}.Debug|x64.Build.0 = Debug|Any CPU
		{AB9198E1-E2E9-4B1F-9FC3-8B7F32C986F6}.Debug|x86.ActiveCfg = Debug|Any CPU
		{AB9198E1-E2E9-4B1F-9FC3-8B7F32C986F6}.Debug|x86.Build.0 = Debug|Any CPU
		{AB9198E1-E2E9-4B1F-9FC3-8B7F32C986F6}.Release|Any CPU.ActiveCfg = Release|Any CPU
		{AB9198E1-E2E9-4B1F-9FC3-8B7F32C986F6}.Release|Any CPU.Build.0 = Release|Any CPU
		{AB9198E1-E2E9-4B1F-9FC3-8B7F32C986F6}.Release|x64.ActiveCfg = Release|Any CPU
		{AB9198E1-E2E9-4B1F-9FC3-8B7F32C986F6}.Release|x64.Build.0 = Release|Any CPU
		{AB9198E1-E2E9-4B1F-9FC3-8B7F32C986F6}.Release|x86.ActiveCfg = Release|Any CPU
		{AB9198E1-E2E9-4B1F-9FC3-8B7F32C986F6}.Release|x86.Build.0 = Release|Any CPU
		{415A9C97-30EA-49D5-AA8E-B50D472D18CD}.Debug|Any CPU.ActiveCfg = Debug|Any CPU
		{415A9C97-30EA-49D5-AA8E-B50D472D18CD}.Debug|Any CPU.Build.0 = Debug|Any CPU
		{415A9C97-30EA-49D5-AA8E-B50D472D18CD}.Debug|x64.ActiveCfg = Debug|Any CPU
		{415A9C97-30EA-49D5-AA8E-B50D472D18CD}.Debug|x64.Build.0 = Debug|Any CPU
		{415A9C97-30EA-49D5-AA8E-B50D472D18CD}.Debug|x86.ActiveCfg = Debug|Any CPU
		{415A9C97-30EA-49D5-AA8E-B50D472D18CD}.Debug|x86.Build.0 = Debug|Any CPU
		{415A9C97-30EA-49D5-AA8E-B50D472D18CD}.Release|Any CPU.ActiveCfg = Release|Any CPU
		{415A9C97-30EA-49D5-AA8E-B50D472D18CD}.Release|Any CPU.Build.0 = Release|Any CPU
		{415A9C97-30EA-49D5-AA8E-B50D472D18CD}.Release|x64.ActiveCfg = Release|Any CPU
		{415A9C97-30EA-49D5-AA8E-B50D472D18CD}.Release|x64.Build.0 = Release|Any CPU
		{415A9C97-30EA-49D5-AA8E-B50D472D18CD}.Release|x86.ActiveCfg = Release|Any CPU
		{415A9C97-30EA-49D5-AA8E-B50D472D18CD}.Release|x86.Build.0 = Release|Any CPU
		{A4862065-B576-49B3-89DC-A501AA17B905}.Debug|Any CPU.ActiveCfg = Debug|Any CPU
		{A4862065-B576-49B3-89DC-A501AA17B905}.Debug|Any CPU.Build.0 = Debug|Any CPU
		{A4862065-B576-49B3-89DC-A501AA17B905}.Debug|x64.ActiveCfg = Debug|Any CPU
		{A4862065-B576-49B3-89DC-A501AA17B905}.Debug|x64.Build.0 = Debug|Any CPU
		{A4862065-B576-49B3-89DC-A501AA17B905}.Debug|x86.ActiveCfg = Debug|Any CPU
		{A4862065-B576-49B3-89DC-A501AA17B905}.Debug|x86.Build.0 = Debug|Any CPU
		{A4862065-B576-49B3-89DC-A501AA17B905}.Release|Any CPU.ActiveCfg = Release|Any CPU
		{A4862065-B576-49B3-89DC-A501AA17B905}.Release|Any CPU.Build.0 = Release|Any CPU
		{A4862065-B576-49B3-89DC-A501AA17B905}.Release|x64.ActiveCfg = Release|Any CPU
		{A4862065-B576-49B3-89DC-A501AA17B905}.Release|x64.Build.0 = Release|Any CPU
		{A4862065-B576-49B3-89DC-A501AA17B905}.Release|x86.ActiveCfg = Release|Any CPU
		{A4862065-B576-49B3-89DC-A501AA17B905}.Release|x86.Build.0 = Release|Any CPU
	EndGlobalSection
	GlobalSection(SolutionProperties) = preSolution
		HideSolutionNode = FALSE
	EndGlobalSection
	GlobalSection(ExtensibilityGlobals) = postSolution
		SolutionGuid = {85F0FA54-6A6D-4D08-86A4-5BC480BF3DED}
	EndGlobalSection
EndGlobal
